{
  "sha": "6ef716553a56267bb3eb743ece483db8aa94cecb",
  "sources": {
    "mongodb": {
      "locked_version": "0.12.0",
      "constraint": "~> 0.12.0",
      "path": "."
    },
    "apt": {
      "locked_version": "1.4.8",
      "constraint": "~> 1.4.4"
    },
    "yum": {
      "locked_version": "2.2.2"
    }
  }
}
